# This file is automatically @generated by Cargo.
# It is not intended for manual editing.
version = 3

[[package]]
name = "ahash"
version = "0.3.8"
source = "registry+https://github.com/rust-lang/crates.io-index"
checksum = "e8fd72866655d1904d6b0997d0b07ba561047d070fbe29de039031c641b61217"

[[package]]
name = "aligned"
version = "0.3.5"
source = "registry+https://github.com/rust-lang/crates.io-index"
checksum = "3a785a543aea40f5e4e2e93bb2655d31bc21bb391fff65697150973e383f16bb"
dependencies = [
 "as-slice",
]

[[package]]
name = "alloc-cortex-m"
version = "0.4.4"
source = "registry+https://github.com/rust-lang/crates.io-index"
checksum = "483c3bd0f9a7bb982b72988f5f173d29687c432d8013c1d3232635e6c0f0a60c"
dependencies = [
 "cortex-m 0.7.7",
 "linked_list_allocator",
]

[[package]]
name = "anyhow"
version = "1.0.79"
source = "registry+https://github.com/rust-lang/crates.io-index"
checksum = "080e9890a082662b09c1ad45f567faeeb47f22b5fb23895fbe1e651e718e25ca"

[[package]]
name = "as-any"
version = "0.3.1"
source = "registry+https://github.com/rust-lang/crates.io-index"
checksum = "5b8a30a44e99a1c83ccb2a6298c563c888952a1c9134953db26876528f84c93a"

[[package]]
name = "as-slice"
version = "0.1.5"
source = "registry+https://github.com/rust-lang/crates.io-index"
checksum = "45403b49e3954a4b8428a0ac21a4b7afadccf92bfd96273f1a58cd4812496ae0"
dependencies = [
 "generic-array 0.12.4",
 "generic-array 0.13.3",
 "generic-array 0.14.7",
 "stable_deref_trait",
]

[[package]]
name = "autocfg"
version = "1.1.0"
source = "registry+https://github.com/rust-lang/crates.io-index"
checksum = "d468802bab17cbc0cc575e9b053f41e72aa36bfa6b7f55e3529ffa43161b97fa"

[[package]]
name = "az"
version = "1.2.1"
source = "registry+https://github.com/rust-lang/crates.io-index"
checksum = "7b7e4c2464d97fe331d41de9d5db0def0a96f4d823b8b32a2efd503578988973"

[[package]]
name = "bare-metal"
version = "0.2.5"
source = "registry+https://github.com/rust-lang/crates.io-index"
checksum = "5deb64efa5bd81e31fcd1938615a6d98c82eafcbcd787162b6f63b91d6bac5b3"
dependencies = [
 "rustc_version",
]

[[package]]
name = "bare-metal"
version = "1.0.0"
source = "registry+https://github.com/rust-lang/crates.io-index"
checksum = "f8fe8f5a8a398345e52358e18ff07cc17a568fbca5c6f73873d3a62056309603"

[[package]]
name = "base64"
version = "0.21.7"
source = "registry+https://github.com/rust-lang/crates.io-index"
checksum = "9d297deb1925b89f2ccc13d7635fa0714f12c87adce1c75356b39ca9b7178567"

[[package]]
name = "bech32"
version = "0.9.1"
source = "registry+https://github.com/rust-lang/crates.io-index"
checksum = "d86b93f97252c47b41663388e6d155714a9d0c398b99f1005cbc5f978b29f445"

[[package]]
name = "bit-vec"
version = "0.6.3"
source = "registry+https://github.com/rust-lang/crates.io-index"
checksum = "349f9b6a179ed607305526ca489b34ad0a41aed5f7980fa90eb03160b69598fb"

[[package]]
name = "bitcoin"
version = "0.29.2"
source = "registry+https://github.com/rust-lang/crates.io-index"
checksum = "0694ea59225b0c5f3cb405ff3f670e4828358ed26aec49dc352f730f0cb1a8a3"
dependencies = [
 "bech32",
 "bitcoin_hashes",
 "core2",
 "hashbrown",
 "secp256k1",
 "serde",
]

[[package]]
name = "bitcoin-consensus-derive"
version = "0.1.0"
source = "registry+https://github.com/rust-lang/crates.io-index"
checksum = "d56036c7fe1f5c0b097b7bb69da9bcc60cce90589cbf2cc907670a420033a55d"
dependencies = [
 "proc-macro2",
 "quote",
 "syn 1.0.109",
]

[[package]]
name = "bitcoin-push-decoder"
version = "0.2.2"
source = "registry+https://github.com/rust-lang/crates.io-index"
checksum = "d533f86c679e4388a80f0c11524ae690dc1850315007757dced23ecd53526bbe"
dependencies = [
 "bitcoin",
 "core2",
 "log",
]

[[package]]
name = "bitcoin_hashes"
version = "0.11.0"
source = "registry+https://github.com/rust-lang/crates.io-index"
checksum = "90064b8dee6815a6470d60bad07bbbaee885c0e12d04177138fa3291a01b7bc4"
dependencies = [
 "core2",
 "serde",
]

[[package]]
name = "bitfield"
version = "0.13.2"
source = "registry+https://github.com/rust-lang/crates.io-index"
checksum = "46afbd2983a5d5a7bd740ccb198caf5b82f45c40c09c0eed36052d91cb92e719"

[[package]]
name = "bitflags"
version = "1.3.2"
source = "registry+https://github.com/rust-lang/crates.io-index"
checksum = "bef38d45163c2f1dde094a7dfd33ccf595c92905c8f8f4fdc18d06fb1037718a"

[[package]]
name = "bitflags"
version = "2.4.2"
source = "registry+https://github.com/rust-lang/crates.io-index"
checksum = "ed570934406eb16438a4e976b1b4500774099c13b8cb96eec99f620f05090ddf"

[[package]]
name = "bolt-derive"
version = "0.2.0"
dependencies = [
 "proc-macro2",
 "quote",
 "syn 1.0.109",
]

[[package]]
name = "byteorder"
version = "1.5.0"
source = "registry+https://github.com/rust-lang/crates.io-index"
checksum = "1fd0f2584146f6f2ef48085050886acf353beff7305ebd1ae69500e27c67f64b"

[[package]]
name = "cc"
version = "1.0.83"
source = "registry+https://github.com/rust-lang/crates.io-index"
checksum = "f1174fb0b6ec23863f8b971027804a42614e347eafb0a95bf0b12cdae21fc4d0"
dependencies = [
 "libc",
]

[[package]]
name = "chrono"
version = "0.4.33"
source = "registry+https://github.com/rust-lang/crates.io-index"
checksum = "9f13690e35a5e4ace198e7beea2895d29f3a9cc55015fcebe6336bd2010af9eb"
dependencies = [
 "num-traits",
 "serde",
]

[[package]]
name = "chunked-buffer"
version = "0.2.0"
source = "registry+https://github.com/rust-lang/crates.io-index"
checksum = "fa622bd314835eb026b776af471344d0dba94705c937900656a31d0407e53689"

[[package]]
name = "core2"
version = "0.3.3"
source = "registry+https://github.com/rust-lang/crates.io-index"
checksum = "239fa3ae9b63c2dc74bd3fa852d4792b8b305ae64eeede946265b6af62f1fff3"
dependencies = [
 "memchr",
]

[[package]]
name = "cortex-m"
version = "0.6.7"
source = "registry+https://github.com/rust-lang/crates.io-index"
checksum = "9075300b07c6a56263b9b582c214d0ff037b00d45ec9fde1cc711490c56f1bb9"
dependencies = [
 "aligned",
 "bare-metal 0.2.5",
 "bitfield",
 "cortex-m 0.7.7",
 "volatile-register",
]

[[package]]
name = "cortex-m"
version = "0.7.7"
source = "registry+https://github.com/rust-lang/crates.io-index"
checksum = "8ec610d8f49840a5b376c69663b6369e71f4b34484b9b2eb29fb918d92516cb9"
dependencies = [
 "bare-metal 0.2.5",
 "bitfield",
 "embedded-hal 0.2.7",
 "volatile-register",
]

[[package]]
name = "cortex-m-rt"
version = "0.7.3"
source = "registry+https://github.com/rust-lang/crates.io-index"
checksum = "ee84e813d593101b1723e13ec38b6ab6abbdbaaa4546553f5395ed274079ddb1"
dependencies = [
 "cortex-m-rt-macros",
]

[[package]]
name = "cortex-m-rt-macros"
version = "0.7.0"
source = "registry+https://github.com/rust-lang/crates.io-index"
checksum = "f0f6f3e36f203cfedbc78b357fb28730aa2c6dc1ab060ee5c2405e843988d3c7"
dependencies = [
 "proc-macro2",
 "quote",
 "syn 1.0.109",
]

[[package]]
name = "darling"
version = "0.20.5"
source = "registry+https://github.com/rust-lang/crates.io-index"
checksum = "fc5d6b04b3fd0ba9926f945895de7d806260a2d7431ba82e7edaecb043c4c6b8"
dependencies = [
 "darling_core",
 "darling_macro",
]

[[package]]
name = "darling_core"
version = "0.20.5"
source = "registry+https://github.com/rust-lang/crates.io-index"
checksum = "04e48a959bcd5c761246f5d090ebc2fbf7b9cd527a492b07a67510c108f1e7e3"
dependencies = [
 "fnv",
 "ident_case",
 "proc-macro2",
 "quote",
 "strsim",
 "syn 2.0.48",
]

[[package]]
name = "darling_macro"
version = "0.20.5"
source = "registry+https://github.com/rust-lang/crates.io-index"
checksum = "1d1545d67a2149e1d93b7e5c7752dce5a7426eb5d1357ddcfd89336b94444f77"
dependencies = [
 "darling_core",
 "quote",
 "syn 2.0.48",
]

[[package]]
name = "deranged"
version = "0.3.11"
source = "registry+https://github.com/rust-lang/crates.io-index"
checksum = "b42b6fa04a440b495c8b04d0e71b707c585f83cb9cb28cf8cd0d976c315e31b4"
dependencies = [
 "powerfmt",
]

[[package]]
name = "display-interface"
version = "0.4.1"
source = "registry+https://github.com/rust-lang/crates.io-index"
checksum = "7517c040926d7b02b111884aa089177db80878533127f7c1b480d852c5fb4112"

[[package]]
name = "either"
version = "1.9.0"
source = "registry+https://github.com/rust-lang/crates.io-index"
checksum = "a26ae43d7bcc3b814de94796a5e736d4029efb0ee900c12e2d54c993ad1a1e07"

[[package]]
name = "embedded-dma"
version = "0.2.0"
source = "registry+https://github.com/rust-lang/crates.io-index"
checksum = "994f7e5b5cb23521c22304927195f236813053eb9c065dd2226a32ba64695446"
dependencies = [
 "stable_deref_trait",
]

[[package]]
name = "embedded-graphics"
version = "0.7.1"
source = "registry+https://github.com/rust-lang/crates.io-index"
checksum = "750082c65094fbcc4baf9ba31583ce9a8bb7f52cadfb96f6164b1bc7f922f32b"
dependencies = [
 "az",
 "byteorder",
 "embedded-graphics-core",
 "float-cmp",
 "micromath",
]

[[package]]
name = "embedded-graphics-core"
version = "0.3.3"
source = "registry+https://github.com/rust-lang/crates.io-index"
checksum = "b8b1239db5f3eeb7e33e35bd10bd014e7b2537b17e071f726a09351431337cfa"
dependencies = [
 "az",
 "byteorder",
]

[[package]]
name = "embedded-hal"
version = "0.2.7"
source = "registry+https://github.com/rust-lang/crates.io-index"
checksum = "35949884794ad573cf46071e41c9b60efb0cb311e3ca01f7af807af1debc66ff"
dependencies = [
 "nb 0.1.3",
 "void",
]

[[package]]
name = "embedded-hal"
version = "1.0.0-alpha.7"
source = "registry+https://github.com/rust-lang/crates.io-index"
checksum = "93cc714edeae73aa1ff259af4498595360b2992e0e9c59801873ed198a7f2216"
dependencies = [
 "nb 1.1.0",
]

[[package]]
name = "embedded-storage"
version = "0.2.0"
source = "registry+https://github.com/rust-lang/crates.io-index"
checksum = "723dce4e9f25b6e6c5f35628e144794e5b459216ed7da97b7c4b66cdb3fa82ca"

[[package]]
name = "fatfs"
version = "0.4.0"
source = "git+https://github.com/rafalh/rust-fatfs.git#1aa43f755572c6848fd981eafd11c02a4825dd62"
dependencies = [
 "bitflags 2.4.2",
 "log",
]

[[package]]
name = "float-cmp"
version = "0.8.0"
source = "registry+https://github.com/rust-lang/crates.io-index"
checksum = "e1267f4ac4f343772758f7b1bdcbe767c218bbab93bb432acbf5162bbf85a6c4"
dependencies = [
 "num-traits",
]

[[package]]
name = "fnv"
version = "1.0.7"
source = "registry+https://github.com/rust-lang/crates.io-index"
checksum = "3f9eec918d3f24069decb9af1554cad7c880e2da24a9afd88aca000531ab82c1"

[[package]]
name = "ft6x06"
version = "0.1.2"
source = "git+https://github.com/Srg213/ft6x06.git?tag=v0.1.2#ce9f1ac01c455e7306d541112f56feecf4e5ebb9"
dependencies = [
 "cortex-m 0.7.7",
 "embedded-hal 0.2.7",
 "panic-probe",
 "rtt-target",
]

[[package]]
name = "fugit"
version = "0.3.7"
source = "registry+https://github.com/rust-lang/crates.io-index"
checksum = "17186ad64927d5ac8f02c1e77ccefa08ccd9eaa314d5a4772278aa204a22f7e7"
dependencies = [
 "gcd",
]

[[package]]
name = "fugit-timer"
version = "0.1.3"
source = "registry+https://github.com/rust-lang/crates.io-index"
checksum = "d9607bfc4c388f9d629704f56ede4a007546cad417b3bcd6fc7c87dc7edce04a"
dependencies = [
 "fugit",
 "nb 1.1.0",
]

[[package]]
name = "gcd"
version = "2.3.0"
source = "registry+https://github.com/rust-lang/crates.io-index"
checksum = "1d758ba1b47b00caf47f24925c0074ecb20d6dfcffe7f6d53395c0465674841a"

[[package]]
name = "generic-array"
version = "0.12.4"
source = "registry+https://github.com/rust-lang/crates.io-index"
checksum = "ffdf9f34f1447443d37393cc6c2b8313aebddcd96906caf34e54c68d8e57d7bd"
dependencies = [
 "typenum",
]

[[package]]
name = "generic-array"
version = "0.13.3"
source = "registry+https://github.com/rust-lang/crates.io-index"
checksum = "f797e67af32588215eaaab8327027ee8e71b9dd0b2b26996aedf20c030fce309"
dependencies = [
 "typenum",
]

[[package]]
name = "generic-array"
version = "0.14.7"
source = "registry+https://github.com/rust-lang/crates.io-index"
checksum = "85649ca51fd72272d7821adaf274ad91c288277713d9c18820d8499a7ff69e9a"
dependencies = [
 "typenum",
 "version_check",
]

[[package]]
name = "hashbrown"
version = "0.8.2"
source = "registry+https://github.com/rust-lang/crates.io-index"
checksum = "e91b62f79061a0bc2e046024cb7ba44b08419ed238ecbd9adbd787434b9e8c25"
dependencies = [
 "ahash",
 "autocfg",
]

[[package]]
name = "hex"
version = "0.4.3"
source = "registry+https://github.com/rust-lang/crates.io-index"
checksum = "7f24254aa9a54b5c858eaee2f5bccdb46aaf0e486a595ed5fd8f86ba55232a70"

[[package]]
name = "ident_case"
version = "1.0.1"
source = "registry+https://github.com/rust-lang/crates.io-index"
checksum = "b9e0384b61958566e926dc50660321d12159025e767c18e043daf26b70104c39"

[[package]]
name = "itertools"
version = "0.10.5"
source = "registry+https://github.com/rust-lang/crates.io-index"
checksum = "b0fd2260e829bddf4cb6ea802289de2f86d6a7a690192fbe91b3f46e0f2c8473"
dependencies = [
 "either",
]

[[package]]
name = "itoa"
version = "1.0.10"
source = "registry+https://github.com/rust-lang/crates.io-index"
checksum = "b1a46d1a171d865aa5f83f92695765caa047a9b4cbae2cbf37dbd613a793fd4c"

[[package]]
name = "libc"
version = "0.2.153"
source = "registry+https://github.com/rust-lang/crates.io-index"
checksum = "9c198f91728a82281a64e1f4f9eeb25d82cb32a5de251c6bd1b5154d63a8e7bd"

[[package]]
name = "lightning"
version = "0.0.117"
source = "registry+https://github.com/rust-lang/crates.io-index"
checksum = "cb0cb32c79c42444453bfabed7bd4f4ef64dfdd2e35e191fa8f3b9099ad2a186"
dependencies = [
 "bitcoin",
 "core2",
 "hashbrown",
]

[[package]]
name = "lightning-invoice"
version = "0.25.0"
source = "registry+https://github.com/rust-lang/crates.io-index"
checksum = "6d2380d053673c467c5f0be992cd4685e40d141d075647d74b64aba1b9c0b1ae"
dependencies = [
 "bech32",
 "bitcoin",
 "bitcoin_hashes",
 "hashbrown",
 "lightning",
 "num-traits",
 "secp256k1",
]

[[package]]
name = "linked_list_allocator"
version = "0.10.5"
source = "registry+https://github.com/rust-lang/crates.io-index"
checksum = "9afa463f5405ee81cdb9cc2baf37e08ec7e4c8209442b5d72c04cfb2cd6e6286"

[[package]]
name = "log"
version = "0.4.20"
source = "registry+https://github.com/rust-lang/crates.io-index"
checksum = "b5e6163cb8c49088c2c36f57875e58ccd8c87c7427f7fbd50ea6710b2f3f2e8f"

[[package]]
name = "memchr"
version = "2.7.1"
source = "registry+https://github.com/rust-lang/crates.io-index"
checksum = "523dc4f511e55ab87b694dc30d0f820d60906ef06413f93d4d7a1385599cc149"

[[package]]
name = "micromath"
version = "1.1.1"
source = "registry+https://github.com/rust-lang/crates.io-index"
checksum = "bc4010833aea396656c2f91ee704d51a6f1329ec2ab56ffd00bfd56f7481ea94"

[[package]]
name = "nb"
version = "0.1.3"
source = "registry+https://github.com/rust-lang/crates.io-index"
checksum = "801d31da0513b6ec5214e9bf433a77966320625a37860f910be265be6e18d06f"
dependencies = [
 "nb 1.1.0",
]

[[package]]
name = "nb"
version = "1.1.0"
source = "registry+https://github.com/rust-lang/crates.io-index"
checksum = "8d5439c4ad607c3c23abf66de8c8bf57ba8adcd1f129e699851a6e43935d339d"

[[package]]
name = "num-conv"
version = "0.1.0"
source = "registry+https://github.com/rust-lang/crates.io-index"
checksum = "51d515d32fb182ee37cda2ccdcb92950d6a3c2893aa280e540671c2cd0f3b1d9"

[[package]]
name = "num-traits"
version = "0.2.17"
source = "registry+https://github.com/rust-lang/crates.io-index"
checksum = "39e3200413f237f41ab11ad6d161bc7239c84dcb631773ccd7de3dfe4b5c267c"
dependencies = [
 "autocfg",
]

[[package]]
name = "panic-probe"
version = "0.2.1"
source = "registry+https://github.com/rust-lang/crates.io-index"
checksum = "6a0fa226f55c70d0d70ad373802f0d65a775478afec75c0f3eee1de5d39057c9"
dependencies = [
 "cortex-m 0.7.7",
 "rtt-target",
]

[[package]]
name = "powerfmt"
version = "0.2.0"
source = "registry+https://github.com/rust-lang/crates.io-index"
checksum = "439ee305def115ba05938db6eb1644ff94165c5ab5e9420d1c1bcedbba909391"

[[package]]
name = "proc-macro2"
version = "1.0.78"
source = "registry+https://github.com/rust-lang/crates.io-index"
checksum = "e2422ad645d89c99f8f3e6b88a9fdeca7fabeac836b1002371c4367c8f984aae"
dependencies = [
 "unicode-ident",
]

[[package]]
name = "profont"
version = "0.6.1"
source = "registry+https://github.com/rust-lang/crates.io-index"
checksum = "bd908932b251e9f146130df7566e8f7c5b0c6ddb29f6d67571f3579f59043c36"
dependencies = [
 "embedded-graphics",
]

[[package]]
name = "quote"
version = "1.0.35"
source = "registry+https://github.com/rust-lang/crates.io-index"
checksum = "291ec9ab5efd934aaf503a6466c5d5251535d108ee747472c3977cc5acc868ef"
dependencies = [
 "proc-macro2",
]

[[package]]
name = "rand_core"
version = "0.6.4"
source = "registry+https://github.com/rust-lang/crates.io-index"
checksum = "ec0be4795e2f6a28069bec0b5ff3e2ac9bafc99e6a9a7dc3547996c5c816922c"

[[package]]
name = "rtt-target"
version = "0.3.1"
source = "registry+https://github.com/rust-lang/crates.io-index"
checksum = "065d6058bb1204f51a562a67209e1817cf714759d5cf845aa45c75fa7b0b9d9b"
dependencies = [
 "cortex-m 0.7.7",
 "ufmt-write",
]

[[package]]
name = "rustc_version"
version = "0.2.3"
source = "registry+https://github.com/rust-lang/crates.io-index"
checksum = "138e3e0acb6c9fb258b19b67cb8abd63c00679d2851805ea151465464fe9030a"
dependencies = [
 "semver",
]

[[package]]
name = "ryu"
version = "1.0.16"
source = "registry+https://github.com/rust-lang/crates.io-index"
checksum = "f98d2aa92eebf49b69786be48e4477826b256916e84a57ff2a4f21923b48eb4c"

[[package]]
name = "scopeguard"
version = "1.2.0"
source = "registry+https://github.com/rust-lang/crates.io-index"
checksum = "94143f37725109f92c262ed2cf5e59bce7498c01bcc1502d7b9afe439a4e9f49"

[[package]]
name = "sdio-host"
version = "0.6.0"
source = "registry+https://github.com/rust-lang/crates.io-index"
checksum = "355c411b00ad0634aa29824b37d0755e931a349b3230ffdef846c140eeed9c09"

[[package]]
name = "secp256k1"
version = "0.24.3"
source = "registry+https://github.com/rust-lang/crates.io-index"
checksum = "6b1629c9c557ef9b293568b338dddfc8208c98a18c59d722a9d53f859d9c9b62"
dependencies = [
 "bitcoin_hashes",
 "secp256k1-sys",
 "serde",
]

[[package]]
name = "secp256k1-sys"
version = "0.6.1"
source = "registry+https://github.com/rust-lang/crates.io-index"
checksum = "83080e2c2fc1006e625be82e5d1eb6a43b7fd9578b617fcc55814daf286bba4b"
dependencies = [
 "cc",
]

[[package]]
name = "semver"
version = "0.9.0"
source = "registry+https://github.com/rust-lang/crates.io-index"
checksum = "1d7eb9ef2c18661902cc47e535f9bc51b78acd254da71d375c2f6720d9a40403"
dependencies = [
 "semver-parser",
]

[[package]]
name = "semver-parser"
version = "0.7.0"
source = "registry+https://github.com/rust-lang/crates.io-index"
checksum = "388a1df253eca08550bef6c72392cfe7c30914bf41df5269b68cbd6ff8f570a3"

[[package]]
name = "serde"
version = "1.0.196"
source = "registry+https://github.com/rust-lang/crates.io-index"
checksum = "870026e60fa08c69f064aa766c10f10b1d62db9ccd4d0abb206472bee0ce3b32"
dependencies = [
 "serde_derive",
]

[[package]]
name = "serde_bolt"
version = "0.3.5"
source = "registry+https://github.com/rust-lang/crates.io-index"
checksum = "b06b8577e0fd88c67c88e08139a7ecb7b6ab9b8800dfe1290d3de66d2a2601f2"
dependencies = [
 "bitcoin",
 "bitcoin-consensus-derive",
 "chunked-buffer",
 "core2",
 "hex",
]

[[package]]
name = "serde_derive"
version = "1.0.196"
source = "registry+https://github.com/rust-lang/crates.io-index"
checksum = "33c85360c95e7d137454dc81d9a4ed2b8efd8fbe19cee57357b32b9771fccb67"
dependencies = [
 "proc-macro2",
 "quote",
 "syn 2.0.48",
]

[[package]]
name = "serde_json"
version = "1.0.113"
source = "registry+https://github.com/rust-lang/crates.io-index"
checksum = "69801b70b1c3dac963ecb03a364ba0ceda9cf60c71cfe475e99864759c8b8a79"
dependencies = [
 "itoa",
 "ryu",
 "serde",
]

[[package]]
name = "serde_json"
version = "1.0.115"
source = "git+https://github.com/ksedgwic/json.git?rev=4636761f6df368e0f571e420beaa646a86a58bbf#4636761f6df368e0f571e420beaa646a86a58bbf"
dependencies = [
 "itoa",
 "ryu",
 "serde",
]

[[package]]
name = "serde_with"
version = "3.6.0"
source = "registry+https://github.com/rust-lang/crates.io-index"
checksum = "1b0ed1662c5a68664f45b76d18deb0e234aff37207086803165c961eb695e981"
dependencies = [
 "base64",
 "chrono",
 "hex",
 "serde",
 "serde_json 1.0.113",
 "serde_with_macros",
 "time",
]

[[package]]
name = "serde_with_macros"
version = "3.6.0"
source = "registry+https://github.com/rust-lang/crates.io-index"
checksum = "568577ff0ef47b879f736cd66740e022f3672788cdf002a05a4e609ea5a6fb15"
dependencies = [
 "darling",
 "proc-macro2",
 "quote",
 "syn 2.0.48",
]

[[package]]
name = "st7789"
version = "0.6.1"
source = "registry+https://github.com/rust-lang/crates.io-index"
checksum = "cba7306a9ca07ffcafd13ac1eaac2d5cedc8e9fc0d342ef674e0f0d059c8f8a9"
dependencies = [
 "display-interface",
 "embedded-graphics-core",
 "embedded-hal 0.2.7",
 "nb 1.1.0",
]

[[package]]
name = "stable_deref_trait"
version = "1.2.0"
source = "registry+https://github.com/rust-lang/crates.io-index"
checksum = "a8f112729512f8e442d81f95a8a7ddf2b7c6b8a1a6f509a95864142b30cab2d3"

[[package]]
name = "stm32f4"
version = "0.14.0"
source = "registry+https://github.com/rust-lang/crates.io-index"
checksum = "379f030a0586d0aa3574cb6497392142ddf125c8146b7b580b4b6b46db9d7dc9"
dependencies = [
 "bare-metal 1.0.0",
 "cortex-m 0.7.7",
 "cortex-m-rt",
 "vcell",
]

[[package]]
name = "stm32f4xx-hal"
version = "0.13.2"
source = "registry+https://github.com/rust-lang/crates.io-index"
checksum = "23ff737e5c7bd48ed40b5e14f1da1413c34be611c9871779199b67c40f40a396"
dependencies = [
 "bare-metal 1.0.0",
 "bitflags 1.3.2",
 "cortex-m 0.7.7",
 "cortex-m-rt",
 "display-interface",
 "embedded-dma",
 "embedded-hal 0.2.7",
 "embedded-hal 1.0.0-alpha.7",
 "embedded-storage",
 "fugit",
 "fugit-timer",
 "nb 1.1.0",
 "rand_core",
 "sdio-host",
 "stm32f4",
 "synopsys-usb-otg",
 "time",
 "void",
]

[[package]]
name = "strsim"
version = "0.10.0"
source = "registry+https://github.com/rust-lang/crates.io-index"
checksum = "73473c0e59e6d5812c5dfe2a064a6444949f089e20eec9a2e5506596494e4623"

[[package]]
name = "syn"
version = "1.0.109"
source = "registry+https://github.com/rust-lang/crates.io-index"
checksum = "72b64191b275b66ffe2469e8af2c1cfe3bafa67b529ead792a6d0160888b4237"
dependencies = [
 "proc-macro2",
 "quote",
 "unicode-ident",
]

[[package]]
name = "syn"
version = "2.0.48"
source = "registry+https://github.com/rust-lang/crates.io-index"
checksum = "0f3531638e407dfc0814761abb7c00a5b54992b849452a0646b7f65c9f770f3f"
dependencies = [
 "proc-macro2",
 "quote",
 "unicode-ident",
]

[[package]]
name = "synopsys-usb-otg"
version = "0.2.4"
source = "registry+https://github.com/rust-lang/crates.io-index"
checksum = "d1216cb0fe29f65bfffe03c364640202eed1291d85d2f62bbadbe670106786e5"
dependencies = [
 "cortex-m 0.6.7",
 "usb-device",
 "vcell",
]

[[package]]
name = "time"
version = "0.3.34"
source = "registry+https://github.com/rust-lang/crates.io-index"
checksum = "c8248b6521bb14bc45b4067159b9b6ad792e2d6d754d6c41fb50e29fefe38749"
dependencies = [
 "deranged",
 "num-conv",
 "powerfmt",
 "serde",
 "time-core",
]

[[package]]
name = "time-core"
version = "0.1.2"
source = "registry+https://github.com/rust-lang/crates.io-index"
checksum = "ef927ca75afb808a4d64dd374f00a2adf8d0fcff8e7b184af886c3c87ec4a3f3"

[[package]]
name = "txoo"
version = "0.6.4"
source = "registry+https://github.com/rust-lang/crates.io-index"
checksum = "2d63e3a8a97175f205a3b101cb100568ce15e6b4e77d88207e9065da4a4e061e"
dependencies = [
 "bitcoin",
 "core2",
 "log",
 "serde_bolt",
]

[[package]]
name = "typenum"
version = "1.17.0"
source = "registry+https://github.com/rust-lang/crates.io-index"
checksum = "42ff0bf0c66b8238c6f3b578df37d0b7848e55df8577b3f74f92a69acceeb825"

[[package]]
name = "ufmt-write"
version = "0.1.0"
source = "registry+https://github.com/rust-lang/crates.io-index"
checksum = "e87a2ed6b42ec5e28cc3b94c09982969e9227600b2e3dcbc1db927a84c06bd69"

[[package]]
name = "unicode-ident"
version = "1.0.12"
source = "registry+https://github.com/rust-lang/crates.io-index"
checksum = "3354b9ac3fae1ff6755cb6db53683adb661634f67557942dea4facebec0fee4b"

[[package]]
name = "usb-device"
version = "0.2.9"
source = "registry+https://github.com/rust-lang/crates.io-index"
checksum = "1f6cc3adc849b5292b4075fc0d5fdcf2f24866e88e336dd27a8943090a520508"

[[package]]
name = "usbd-serial"
version = "0.1.1"
source = "registry+https://github.com/rust-lang/crates.io-index"
checksum = "db75519b86287f12dcf0d171c7cf4ecc839149fe9f3b720ac4cfce52959e1dfe"
dependencies = [
 "embedded-hal 0.2.7",
 "nb 0.1.3",
 "usb-device",
]

[[package]]
name = "vcell"
version = "0.1.3"
source = "registry+https://github.com/rust-lang/crates.io-index"
checksum = "77439c1b53d2303b20d9459b1ade71a83c716e3f9c34f3228c00e6f185d6c002"

[[package]]
name = "version_check"
version = "0.9.4"
source = "registry+https://github.com/rust-lang/crates.io-index"
checksum = "49874b5167b65d7193b8aba1567f5c7d93d001cafc34600cee003eda787e483f"

[[package]]
name = "vls-core"
version = "0.11.0"
dependencies = [
 "anyhow",
 "bitcoin",
 "bitcoin-consensus-derive",
 "bitcoin-push-decoder",
 "bolt-derive",
 "core2",
 "hashbrown",
 "hex",
 "itertools",
 "lightning",
 "lightning-invoice",
 "log",
 "scopeguard",
 "serde",
 "serde_bolt",
 "serde_derive",
 "serde_with",
 "txoo",
]

[[package]]
name = "vls-persist"
version = "0.11.0"
dependencies = [
 "hex",
 "log",
 "serde",
 "serde_with",
 "vls-core",
]

[[package]]
name = "vls-protocol"
version = "0.11.0"
dependencies = [
 "as-any",
 "bitcoin-consensus-derive",
 "bolt-derive",
 "hex",
 "log",
 "serde_bolt",
 "txoo",
 "vls-core",
]

[[package]]
name = "vls-protocol-signer"
version = "0.11.0"
dependencies = [
 "bit-vec",
 "log",
 "vls-core",
 "vls-protocol",
]

[[package]]
name = "vls-signer-stm32"
version = "0.1.0"
dependencies = [
 "alloc-cortex-m",
 "cortex-m 0.7.7",
 "cortex-m-rt",
 "display-interface",
 "embedded-graphics",
 "embedded-hal 0.2.7",
 "fatfs",
 "ft6x06",
 "fugit",
 "hex",
 "log",
 "nb 1.1.0",
 "panic-probe",
 "profont",
 "rand_core",
 "rtt-target",
 "serde_json 1.0.115",
 "st7789",
 "stm32f4",
 "stm32f4xx-hal",
 "usb-device",
 "usbd-serial",
 "vls-persist",
 "vls-protocol",
 "vls-protocol-signer",
]

[[package]]
name = "void"
version = "1.0.2"
source = "registry+https://github.com/rust-lang/crates.io-index"
checksum = "6a02e4885ed3bc0f2de90ea6dd45ebcbb66dacffe03547fadbb0eeae2770887d"

[[package]]
name = "volatile-register"
version = "0.2.2"
source = "registry+https://github.com/rust-lang/crates.io-index"
checksum = "de437e2a6208b014ab52972a27e59b33fa2920d3e00fe05026167a1c509d19cc"
dependencies = [
 "vcell",
]
