# This file is automatically @generated by Cargo.
# It is not intended for manual editing.
version = 4

[[package]]
name = "addr2line"
version = "0.25.1"
source = "registry+https://github.com/rust-lang/crates.io-index"
checksum = "1b5d307320b3181d6d7954e663bd7c774a838b8220fe0593c86d9fb09f498b4b"
dependencies = [
 "gimli",
]

[[package]]
name = "adler2"
version = "2.0.1"
source = "registry+https://github.com/rust-lang/crates.io-index"
checksum = "320119579fcad9c21884f5c4861d16174d0e06250625266f50fe6898340abefa"

[[package]]
name = "ahash"
version = "0.8.12"
source = "registry+https://github.com/rust-lang/crates.io-index"
checksum = "5a15f179cd60c4584b8a8c596927aadc462e27f2ca70c04e0071964a73ba7a75"
dependencies = [
 "cfg-if",
 "once_cell",
 "version_check",
 "zerocopy",
]

[[package]]
name = "anyhow"
version = "1.0.102"
source = "registry+https://github.com/rust-lang/crates.io-index"
checksum = "7f202df86484c868dbad7eaa557ef785d5c66295e41b460ef922eca0723b842c"

[[package]]
name = "arrayvec"
version = "0.7.6"
source = "registry+https://github.com/rust-lang/crates.io-index"
checksum = "7c02d123df017efcdfbd739ef81735b36c5ba83ec3c59c80a9d7ecc718f92e50"

[[package]]
name = "async-trait"
version = "0.1.89"
source = "registry+https://github.com/rust-lang/crates.io-index"
checksum = "9035ad2d096bed7955a320ee7e2230574d28fd3c3a0f186cbea1ff3c7eed5dbb"
dependencies = [
 "proc-macro2",
 "quote",
 "syn",
]

[[package]]
name = "autocfg"
version = "1.5.0"
source = "registry+https://github.com/rust-lang/crates.io-index"
checksum = "c08606f8c3cbf4ce6ec8e28fb0014a2c086708fe954eaa885384a6165172e7e8"

[[package]]
name = "backtrace"
version = "0.3.76"
source = "registry+https://github.com/rust-lang/crates.io-index"
checksum = "bb531853791a215d7c62a30daf0dde835f381ab5de4589cfe7c649d2cbe92bd6"
dependencies = [
 "addr2line",
 "cfg-if",
 "libc",
 "miniz_oxide",
 "object",
 "rustc-demangle",
 "windows-link",
]

[[package]]
name = "base58ck"
version = "0.1.0"
source = "registry+https://github.com/rust-lang/crates.io-index"
checksum = "2c8d66485a3a2ea485c1913c4572ce0256067a5377ac8c75c4960e1cda98605f"
dependencies = [
 "bitcoin-internals",
 "bitcoin_hashes",
]

[[package]]
name = "base64"
version = "0.22.1"
source = "registry+https://github.com/rust-lang/crates.io-index"
checksum = "72b3254f16251a8381aa12e40e3c4d2f0199f8c6508fbecb9d91f575e0fbb8c6"

[[package]]
name = "bech32"
version = "0.11.1"
source = "registry+https://github.com/rust-lang/crates.io-index"
checksum = "32637268377fc7b10a8c6d51de3e7fba1ce5dd371a96e342b34e6078db558e7f"

[[package]]
name = "bindgen-test"
version = "0.1.0"
dependencies = [
 "console_error_panic_hook",
 "js-sys",
 "lazy_static",
 "log",
 "vls-core",
 "wasm-bindgen",
 "wasm-bindgen-test",
 "web-sys",
]

[[package]]
name = "bitcoin"
version = "0.32.8"
source = "registry+https://github.com/rust-lang/crates.io-index"
checksum = "1e499f9fc0407f50fe98af744ab44fa67d409f76b6772e1689ec8485eb0c0f66"
dependencies = [
 "base58ck",
 "bech32",
 "bitcoin-internals",
 "bitcoin-io",
 "bitcoin-units",
 "bitcoin_hashes",
 "hex-conservative",
 "hex_lit",
 "secp256k1",
 "serde",
]

[[package]]
name = "bitcoin-consensus-derive"
version = "0.2.1"
source = "registry+https://github.com/rust-lang/crates.io-index"
checksum = "0468a0cbe4fb594b40940e107694c4edfc316a9d83bbeeff14ba1acbdfd291c2"
dependencies = [
 "proc-macro2",
 "quote",
 "syn",
]

[[package]]
name = "bitcoin-internals"
version = "0.3.0"
source = "registry+https://github.com/rust-lang/crates.io-index"
checksum = "30bdbe14aa07b06e6cfeffc529a1f099e5fbe249524f8125358604df99a4bed2"
dependencies = [
 "serde",
]

[[package]]
name = "bitcoin-io"
version = "0.1.4"
source = "registry+https://github.com/rust-lang/crates.io-index"
checksum = "2dee39a0ee5b4095224a0cfc6bf4cc1baf0f9624b96b367e53b66d974e51d953"

[[package]]
name = "bitcoin-push-decoder"
version = "0.4.0"
source = "registry+https://github.com/rust-lang/crates.io-index"
checksum = "6386f1296021ac5d1a5ed9869595940fa7696dfe868198b1b71ec2c82db59343"
dependencies = [
 "bitcoin",
 "hex",
 "log",
]

[[package]]
name = "bitcoin-units"
version = "0.1.2"
source = "registry+https://github.com/rust-lang/crates.io-index"
checksum = "5285c8bcaa25876d07f37e3d30c303f2609179716e11d688f51e8f1fe70063e2"
dependencies = [
 "bitcoin-internals",
 "serde",
]

[[package]]
name = "bitcoin_hashes"
version = "0.14.1"
source = "registry+https://github.com/rust-lang/crates.io-index"
checksum = "26ec84b80c482df901772e931a9a681e26a1b9ee2302edeff23cb30328745c8b"
dependencies = [
 "bitcoin-io",
 "hex-conservative",
 "serde",
]

[[package]]
name = "bolt-derive"
version = "0.4.0"
dependencies = [
 "proc-macro2",
 "quote",
 "syn",
]

[[package]]
name = "bumpalo"
version = "3.20.2"
source = "registry+https://github.com/rust-lang/crates.io-index"
checksum = "5d20789868f4b01b2f2caec9f5c4e0213b41e3e5702a50157d699ae31ced2fcb"

[[package]]
name = "bytes"
version = "1.11.1"
source = "registry+https://github.com/rust-lang/crates.io-index"
checksum = "1e748733b7cbc798e1434b6ac524f0c1ff2ab456fe201501e6497c8417a4fc33"

[[package]]
name = "cast"
version = "0.3.0"
source = "registry+https://github.com/rust-lang/crates.io-index"
checksum = "37b2a672a2cb129a2e41c10b1224bb368f9f37a2b16b612598138befd7b37eb5"

[[package]]
name = "cc"
version = "1.2.57"
source = "registry+https://github.com/rust-lang/crates.io-index"
checksum = "7a0dd1ca384932ff3641c8718a02769f1698e7563dc6974ffd03346116310423"
dependencies = [
 "find-msvc-tools",
 "shlex",
]

[[package]]
name = "cfg-if"
version = "1.0.4"
source = "registry+https://github.com/rust-lang/crates.io-index"
checksum = "9330f8b2ff13f34540b44e946ef35111825727b38d33286ef986142615121801"

[[package]]
name = "chrono"
version = "0.4.44"
source = "registry+https://github.com/rust-lang/crates.io-index"
checksum = "c673075a2e0e5f4a1dde27ce9dee1ea4558c7ffe648f576438a20ca1d2acc4b0"
dependencies = [
 "num-traits",
 "serde",
]

[[package]]
name = "chunked-buffer"
version = "0.2.0"
source = "registry+https://github.com/rust-lang/crates.io-index"
checksum = "fa622bd314835eb026b776af471344d0dba94705c937900656a31d0407e53689"

[[package]]
name = "console_error_panic_hook"
version = "0.1.7"
source = "registry+https://github.com/rust-lang/crates.io-index"
checksum = "a06aeb73f470f66dcdbf7223caeebb85984942f22f1adb2a088cf9668146bbbc"
dependencies = [
 "cfg-if",
 "wasm-bindgen",
]

[[package]]
name = "core2"
version = "0.3.3"
source = "registry+https://github.com/rust-lang/crates.io-index"
checksum = "239fa3ae9b63c2dc74bd3fa852d4792b8b305ae64eeede946265b6af62f1fff3"
dependencies = [
 "memchr",
]

[[package]]
name = "darling"
version = "0.23.0"
source = "registry+https://github.com/rust-lang/crates.io-index"
checksum = "25ae13da2f202d56bd7f91c25fba009e7717a1e4a1cc98a76d844b65ae912e9d"
dependencies = [
 "darling_core",
 "darling_macro",
]

[[package]]
name = "darling_core"
version = "0.23.0"
source = "registry+https://github.com/rust-lang/crates.io-index"
checksum = "9865a50f7c335f53564bb694ef660825eb8610e0a53d3e11bf1b0d3df31e03b0"
dependencies = [
 "ident_case",
 "proc-macro2",
 "quote",
 "strsim",
 "syn",
]

[[package]]
name = "darling_macro"
version = "0.23.0"
source = "registry+https://github.com/rust-lang/crates.io-index"
checksum = "ac3984ec7bd6cfa798e62b4a642426a5be0e68f9401cfc2a01e3fa9ea2fcdb8d"
dependencies = [
 "darling_core",
 "quote",
 "syn",
]

[[package]]
name = "deranged"
version = "0.5.8"
source = "registry+https://github.com/rust-lang/crates.io-index"
checksum = "7cd812cc2bc1d69d4764bd80df88b4317eaef9e773c75226407d9bc0876b211c"
dependencies = [
 "powerfmt",
]

[[package]]
name = "dnssec-prover"
version = "0.6.8"
source = "registry+https://github.com/rust-lang/crates.io-index"
checksum = "ec4f825369fc7134da70ca4040fddc8e03b80a46d249ae38d9c1c39b7b4476bf"

[[package]]
name = "either"
version = "1.15.0"
source = "registry+https://github.com/rust-lang/crates.io-index"
checksum = "48c757948c5ede0e46177b7add2e67155f70e33c07fea8284df6576da70b3719"

[[package]]
name = "find-msvc-tools"
version = "0.1.9"
source = "registry+https://github.com/rust-lang/crates.io-index"
checksum = "5baebc0774151f905a1a2cc41989300b1e6fbb29aff0ceffa1064fdd3088d582"

[[package]]
name = "futures-core"
version = "0.3.32"
source = "registry+https://github.com/rust-lang/crates.io-index"
checksum = "7e3450815272ef58cec6d564423f6e755e25379b217b0bc688e295ba24df6b1d"

[[package]]
name = "futures-task"
version = "0.3.32"
source = "registry+https://github.com/rust-lang/crates.io-index"
checksum = "037711b3d59c33004d3856fbdc83b99d4ff37a24768fa1be9ce3538a1cde4393"

[[package]]
name = "futures-util"
version = "0.3.32"
source = "registry+https://github.com/rust-lang/crates.io-index"
checksum = "389ca41296e6190b48053de0321d02a77f32f8a5d2461dd38762c0593805c6d6"
dependencies = [
 "futures-core",
 "futures-task",
 "pin-project-lite",
 "slab",
]

[[package]]
name = "getrandom"
version = "0.2.17"
source = "registry+https://github.com/rust-lang/crates.io-index"
checksum = "ff2abc00be7fca6ebc474524697ae276ad847ad0a6b3faa4bcb027e9a4614ad0"
dependencies = [
 "cfg-if",
 "libc",
 "wasi",
]

[[package]]
name = "gimli"
version = "0.32.3"
source = "registry+https://github.com/rust-lang/crates.io-index"
checksum = "e629b9b98ef3dd8afe6ca2bd0f89306cec16d43d907889945bc5d6687f2f13c7"

[[package]]
name = "hashbrown"
version = "0.13.2"
source = "registry+https://github.com/rust-lang/crates.io-index"
checksum = "43a3c133739dddd0d2990f9a4bdf8eb4b21ef50e4851ca85ab661199821d510e"
dependencies = [
 "ahash",
]

[[package]]
name = "hex"
version = "0.4.3"
source = "registry+https://github.com/rust-lang/crates.io-index"
checksum = "7f24254aa9a54b5c858eaee2f5bccdb46aaf0e486a595ed5fd8f86ba55232a70"

[[package]]
name = "hex-conservative"
version = "0.2.2"
source = "registry+https://github.com/rust-lang/crates.io-index"
checksum = "fda06d18ac606267c40c04e41b9947729bf8b9efe74bd4e82b61a5f26a510b9f"
dependencies = [
 "arrayvec",
]

[[package]]
name = "hex_lit"
version = "0.1.1"
source = "registry+https://github.com/rust-lang/crates.io-index"
checksum = "3011d1213f159867b13cfd6ac92d2cd5f1345762c63be3554e84092d85a50bbd"

[[package]]
name = "ident_case"
version = "1.0.1"
source = "registry+https://github.com/rust-lang/crates.io-index"
checksum = "b9e0384b61958566e926dc50660321d12159025e767c18e043daf26b70104c39"

[[package]]
name = "itertools"
version = "0.10.5"
source = "registry+https://github.com/rust-lang/crates.io-index"
checksum = "b0fd2260e829bddf4cb6ea802289de2f86d6a7a690192fbe91b3f46e0f2c8473"
dependencies = [
 "either",
]

[[package]]
name = "itoa"
version = "1.0.18"
source = "registry+https://github.com/rust-lang/crates.io-index"
checksum = "8f42a60cbdf9a97f5d2305f08a87dc4e09308d1276d28c869c684d7777685682"

[[package]]
name = "js-sys"
version = "0.3.91"
source = "registry+https://github.com/rust-lang/crates.io-index"
checksum = "b49715b7073f385ba4bc528e5747d02e66cb39c6146efb66b781f131f0fb399c"
dependencies = [
 "once_cell",
 "wasm-bindgen",
]

[[package]]
name = "lazy_static"
version = "1.5.0"
source = "registry+https://github.com/rust-lang/crates.io-index"
checksum = "bbd2bcb4c963f2ddae06a2efc7e9f3591312473c50c6685e1f298068316e66fe"
dependencies = [
 "spin",
]

[[package]]
name = "libc"
version = "0.2.183"
source = "registry+https://github.com/rust-lang/crates.io-index"
checksum = "b5b646652bf6661599e1da8901b3b9522896f01e736bad5f723fe7a3a27f899d"

[[package]]
name = "libm"
version = "0.2.16"
source = "registry+https://github.com/rust-lang/crates.io-index"
checksum = "b6d2cec3eae94f9f509c767b45932f1ada8350c4bdb85af2fcab4a3c14807981"

[[package]]
name = "lightning"
version = "0.1.8"
source = "registry+https://github.com/rust-lang/crates.io-index"
checksum = "8ffe63f56b10d214be1ade8698ee80af82d981237cae3e581e7a631f5f4959f3"
dependencies = [
 "bech32",
 "bitcoin",
 "dnssec-prover",
 "hashbrown",
 "libm",
 "lightning-invoice",
 "lightning-types",
 "possiblyrandom",
]

[[package]]
name = "lightning-invoice"
version = "0.33.2"
source = "registry+https://github.com/rust-lang/crates.io-index"
checksum = "11209f386879b97198b2bfc9e9c1e5d42870825c6bd4376f17f95357244d6600"
dependencies = [
 "bech32",
 "bitcoin",
 "lightning-types",
]

[[package]]
name = "lightning-types"
version = "0.2.0"
source = "registry+https://github.com/rust-lang/crates.io-index"
checksum = "f2cd84d4e71472035903e43caded8ecc123066ce466329ccd5ae537a8d5488c7"
dependencies = [
 "bitcoin",
]

[[package]]
name = "log"
version = "0.4.29"
source = "registry+https://github.com/rust-lang/crates.io-index"
checksum = "5e5032e24019045c762d3c0f28f5b6b8bbf38563a65908389bf7978758920897"

[[package]]
name = "memchr"
version = "2.8.0"
source = "registry+https://github.com/rust-lang/crates.io-index"
checksum = "f8ca58f447f06ed17d5fc4043ce1b10dd205e060fb3ce5b979b8ed8e59ff3f79"

[[package]]
name = "minicov"
version = "0.3.8"
source = "registry+https://github.com/rust-lang/crates.io-index"
checksum = "4869b6a491569605d66d3952bcdf03df789e5b536e5f0cf7758a7f08a55ae24d"
dependencies = [
 "cc",
 "walkdir",
]

[[package]]
name = "miniz_oxide"
version = "0.8.9"
source = "registry+https://github.com/rust-lang/crates.io-index"
checksum = "1fa76a2c86f704bdb222d66965fb3d63269ce38518b83cb0575fca855ebb6316"
dependencies = [
 "adler2",
]

[[package]]
name = "nu-ansi-term"
version = "0.50.3"
source = "registry+https://github.com/rust-lang/crates.io-index"
checksum = "7957b9740744892f114936ab4a57b3f487491bbeafaf8083688b16841a4240e5"
dependencies = [
 "windows-sys",
]

[[package]]
name = "num-conv"
version = "0.2.1"
source = "registry+https://github.com/rust-lang/crates.io-index"
checksum = "c6673768db2d862beb9b39a78fdcb1a69439615d5794a1be50caa9bc92c81967"

[[package]]
name = "num-traits"
version = "0.2.19"
source = "registry+https://github.com/rust-lang/crates.io-index"
checksum = "071dfc062690e90b734c0b2273ce72ad0ffa95f0c74596bc250dcfd960262841"
dependencies = [
 "autocfg",
 "libm",
]

[[package]]
name = "object"
version = "0.37.3"
source = "registry+https://github.com/rust-lang/crates.io-index"
checksum = "ff76201f031d8863c38aa7f905eca4f53abbfa15f609db4277d44cd8938f33fe"
dependencies = [
 "memchr",
]

[[package]]
name = "once_cell"
version = "1.21.4"
source = "registry+https://github.com/rust-lang/crates.io-index"
checksum = "9f7c3e4beb33f85d45ae3e3a1792185706c8e16d043238c593331cc7cd313b50"

[[package]]
name = "oorandom"
version = "11.1.5"
source = "registry+https://github.com/rust-lang/crates.io-index"
checksum = "d6790f58c7ff633d8771f42965289203411a5e5c68388703c06e14f24770b41e"

[[package]]
name = "pin-project-lite"
version = "0.2.17"
source = "registry+https://github.com/rust-lang/crates.io-index"
checksum = "a89322df9ebe1c1578d689c92318e070967d1042b512afbe49518723f4e6d5cd"

[[package]]
name = "possiblyrandom"
version = "0.2.0"
source = "registry+https://github.com/rust-lang/crates.io-index"
checksum = "1b122a615d72104fb3d8b26523fdf9232cd8ee06949fb37e4ce3ff964d15dffd"
dependencies = [
 "getrandom",
]

[[package]]
name = "powerfmt"
version = "0.2.0"
source = "registry+https://github.com/rust-lang/crates.io-index"
checksum = "439ee305def115ba05938db6eb1644ff94165c5ab5e9420d1c1bcedbba909391"

[[package]]
name = "proc-macro2"
version = "1.0.106"
source = "registry+https://github.com/rust-lang/crates.io-index"
checksum = "8fd00f0bb2e90d81d1044c2b32617f68fcb9fa3bb7640c23e9c748e53fb30934"
dependencies = [
 "unicode-ident",
]

[[package]]
name = "quote"
version = "1.0.45"
source = "registry+https://github.com/rust-lang/crates.io-index"
checksum = "41f2619966050689382d2b44f664f4bc593e129785a36d6ee376ddf37259b924"
dependencies = [
 "proc-macro2",
]

[[package]]
name = "rustc-demangle"
version = "0.1.27"
source = "registry+https://github.com/rust-lang/crates.io-index"
checksum = "b50b8869d9fc858ce7266cce0194bd74df58b9d0e3f6df3a9fc8eb470d95c09d"

[[package]]
name = "rustversion"
version = "1.0.22"
source = "registry+https://github.com/rust-lang/crates.io-index"
checksum = "b39cdef0fa800fc44525c84ccb54a029961a8215f9619753635a9c0d2538d46d"

[[package]]
name = "same-file"
version = "1.0.6"
source = "registry+https://github.com/rust-lang/crates.io-index"
checksum = "93fc1dc3aaa9bfed95e02e6eadabb4baf7e3078b0bd1b4d7b6b0b68378900502"
dependencies = [
 "winapi-util",
]

[[package]]
name = "scopeguard"
version = "1.2.0"
source = "registry+https://github.com/rust-lang/crates.io-index"
checksum = "94143f37725109f92c262ed2cf5e59bce7498c01bcc1502d7b9afe439a4e9f49"

[[package]]
name = "secp256k1"
version = "0.29.1"
source = "registry+https://github.com/rust-lang/crates.io-index"
checksum = "9465315bc9d4566e1724f0fffcbcc446268cb522e60f9a27bcded6b19c108113"
dependencies = [
 "bitcoin_hashes",
 "secp256k1-sys",
 "serde",
]

[[package]]
name = "secp256k1-sys"
version = "0.10.1"
source = "registry+https://github.com/rust-lang/crates.io-index"
checksum = "d4387882333d3aa8cb20530a17c69a3752e97837832f34f6dccc760e715001d9"
dependencies = [
 "cc",
]

[[package]]
name = "serde"
version = "1.0.228"
source = "registry+https://github.com/rust-lang/crates.io-index"
checksum = "9a8e94ea7f378bd32cbbd37198a4a91436180c5bb472411e48b5ec2e2124ae9e"
dependencies = [
 "serde_core",
 "serde_derive",
]

[[package]]
name = "serde_bolt"
version = "0.5.1"
source = "registry+https://github.com/rust-lang/crates.io-index"
checksum = "d4ec23cff5db3388b8549d1f70fdf14bd506b5321d0256300228dd18c05e26e8"
dependencies = [
 "bitcoin",
 "bitcoin-consensus-derive",
 "chunked-buffer",
 "core2",
 "hex",
]

[[package]]
name = "serde_core"
version = "1.0.228"
source = "registry+https://github.com/rust-lang/crates.io-index"
checksum = "41d385c7d4ca58e59fc732af25c3983b67ac852c1a25000afe1175de458b67ad"
dependencies = [
 "serde_derive",
]

[[package]]
name = "serde_derive"
version = "1.0.228"
source = "registry+https://github.com/rust-lang/crates.io-index"
checksum = "d540f220d3187173da220f885ab66608367b6574e925011a9353e4badda91d79"
dependencies = [
 "proc-macro2",
 "quote",
 "syn",
]

[[package]]
name = "serde_json"
version = "1.0.149"
source = "registry+https://github.com/rust-lang/crates.io-index"
checksum = "83fc039473c5595ace860d8c4fafa220ff474b3fc6bfdb4293327f1a37e94d86"
dependencies = [
 "itoa",
 "memchr",
 "serde",
 "serde_core",
 "zmij",
]

[[package]]
name = "serde_with"
version = "3.18.0"
source = "registry+https://github.com/rust-lang/crates.io-index"
checksum = "dd5414fad8e6907dbdd5bc441a50ae8d6e26151a03b1de04d89a5576de61d01f"
dependencies = [
 "base64",
 "chrono",
 "hex",
 "serde_core",
 "serde_json",
 "serde_with_macros",
 "time",
]

[[package]]
name = "serde_with_macros"
version = "3.18.0"
source = "registry+https://github.com/rust-lang/crates.io-index"
checksum = "d3db8978e608f1fe7357e211969fd9abdcae80bac1ba7a3369bb7eb6b404eb65"
dependencies = [
 "darling",
 "proc-macro2",
 "quote",
 "syn",
]

[[package]]
name = "shlex"
version = "1.3.0"
source = "registry+https://github.com/rust-lang/crates.io-index"
checksum = "0fda2ff0d084019ba4d7c6f371c95d8fd75ce3524c3cb8fb653a3023f6323e64"

[[package]]
name = "slab"
version = "0.4.12"
source = "registry+https://github.com/rust-lang/crates.io-index"
checksum = "0c790de23124f9ab44544d7ac05d60440adc586479ce501c1d6d7da3cd8c9cf5"

[[package]]
name = "spin"
version = "0.9.8"
source = "registry+https://github.com/rust-lang/crates.io-index"
checksum = "6980e8d7511241f8acf4aebddbb1ff938df5eebe98691418c4468d0b72a96a67"

[[package]]
name = "strsim"
version = "0.11.1"
source = "registry+https://github.com/rust-lang/crates.io-index"
checksum = "7da8b5736845d9f2fcb837ea5d9e2628564b3b043a70948a3f0b778838c5fb4f"

[[package]]
name = "syn"
version = "2.0.117"
source = "registry+https://github.com/rust-lang/crates.io-index"
checksum = "e665b8803e7b1d2a727f4023456bbbbe74da67099c585258af0ad9c5013b9b99"
dependencies = [
 "proc-macro2",
 "quote",
 "unicode-ident",
]

[[package]]
name = "time"
version = "0.3.47"
source = "registry+https://github.com/rust-lang/crates.io-index"
checksum = "743bd48c283afc0388f9b8827b976905fb217ad9e647fae3a379a9283c4def2c"
dependencies = [
 "deranged",
 "num-conv",
 "powerfmt",
 "serde_core",
 "time-core",
]

[[package]]
name = "time-core"
version = "0.1.8"
source = "registry+https://github.com/rust-lang/crates.io-index"
checksum = "7694e1cfe791f8d31026952abf09c69ca6f6fa4e1a1229e18988f06a04a12dca"

[[package]]
name = "tracing"
version = "0.1.44"
source = "registry+https://github.com/rust-lang/crates.io-index"
checksum = "63e71662fa4b2a2c3a26f570f037eb95bb1f85397f3cd8076caed2f026a6d100"
dependencies = [
 "log",
 "pin-project-lite",
 "tracing-attributes",
 "tracing-core",
]

[[package]]
name = "tracing-attributes"
version = "0.1.31"
source = "registry+https://github.com/rust-lang/crates.io-index"
checksum = "7490cfa5ec963746568740651ac6781f701c9c5ea257c58e057f3ba8cf69e8da"
dependencies = [
 "proc-macro2",
 "quote",
 "syn",
]

[[package]]
name = "tracing-core"
version = "0.1.36"
source = "registry+https://github.com/rust-lang/crates.io-index"
checksum = "db97caf9d906fbde555dd62fa95ddba9eecfd14cb388e4f491a66d74cd5fb79a"

[[package]]
name = "txoo"
version = "0.10.0"
source = "registry+https://github.com/rust-lang/crates.io-index"
checksum = "a9a947ef834df674b09aa786d18133904e9b388b8e7b29eb565a505aa949078a"
dependencies = [
 "bitcoin",
 "bytes",
 "log",
 "serde_bolt",
]

[[package]]
name = "unicode-ident"
version = "1.0.24"
source = "registry+https://github.com/rust-lang/crates.io-index"
checksum = "e6e4313cd5fcd3dad5cafa179702e2b244f760991f45397d14d4ebf38247da75"

[[package]]
name = "version_check"
version = "0.9.5"
source = "registry+https://github.com/rust-lang/crates.io-index"
checksum = "0b928f33d975fc6ad9f86c8f283853ad26bdd5b10b7f1542aa2fa15e2289105a"

[[package]]
name = "vls-common"
version = "0.15.0-rc.1"
dependencies = [
 "bitcoin",
 "hex",
]

[[package]]
name = "vls-core"
version = "0.15.0-rc.1"
dependencies = [
 "ahash",
 "anyhow",
 "backtrace",
 "bitcoin",
 "bitcoin-consensus-derive",
 "bitcoin-push-decoder",
 "bolt-derive",
 "hashbrown",
 "hex",
 "itertools",
 "lightning",
 "lightning-invoice",
 "log",
 "scopeguard",
 "serde",
 "serde_bolt",
 "serde_derive",
 "serde_with",
 "tracing",
 "txoo",
 "vls-common",
 "vls-policy-derive",
]

[[package]]
name = "vls-policy-derive"
version = "0.1.0"
dependencies = [
 "proc-macro2",
 "quote",
 "syn",
]

[[package]]
name = "walkdir"
version = "2.5.0"
source = "registry+https://github.com/rust-lang/crates.io-index"
checksum = "29790946404f91d9c5d06f9874efddea1dc06c5efe94541a7d6863108e3a5e4b"
dependencies = [
 "same-file",
 "winapi-util",
]

[[package]]
name = "wasi"
version = "0.11.1+wasi-snapshot-preview1"
source = "registry+https://github.com/rust-lang/crates.io-index"
checksum = "ccf3ec651a847eb01de73ccad15eb7d99f80485de043efb2f370cd654f4ea44b"

[[package]]
name = "wasm-bindgen"
version = "0.2.114"
source = "registry+https://github.com/rust-lang/crates.io-index"
checksum = "6532f9a5c1ece3798cb1c2cfdba640b9b3ba884f5db45973a6f442510a87d38e"
dependencies = [
 "cfg-if",
 "once_cell",
 "rustversion",
 "wasm-bindgen-macro",
 "wasm-bindgen-shared",
]

[[package]]
name = "wasm-bindgen-futures"
version = "0.4.64"
source = "registry+https://github.com/rust-lang/crates.io-index"
checksum = "e9c5522b3a28661442748e09d40924dfb9ca614b21c00d3fd135720e48b67db8"
dependencies = [
 "cfg-if",
 "futures-util",
 "js-sys",
 "once_cell",
 "wasm-bindgen",
 "web-sys",
]

[[package]]
name = "wasm-bindgen-macro"
version = "0.2.114"
source = "registry+https://github.com/rust-lang/crates.io-index"
checksum = "18a2d50fcf105fb33bb15f00e7a77b772945a2ee45dcf454961fd843e74c18e6"
dependencies = [
 "quote",
 "wasm-bindgen-macro-support",
]

[[package]]
name = "wasm-bindgen-macro-support"
version = "0.2.114"
source = "registry+https://github.com/rust-lang/crates.io-index"
checksum = "03ce4caeaac547cdf713d280eda22a730824dd11e6b8c3ca9e42247b25c631e3"
dependencies = [
 "bumpalo",
 "proc-macro2",
 "quote",
 "syn",
 "wasm-bindgen-shared",
]

[[package]]
name = "wasm-bindgen-shared"
version = "0.2.114"
source = "registry+https://github.com/rust-lang/crates.io-index"
checksum = "75a326b8c223ee17883a4251907455a2431acc2791c98c26279376490c378c16"
dependencies = [
 "unicode-ident",
]

[[package]]
name = "wasm-bindgen-test"
version = "0.3.64"
source = "registry+https://github.com/rust-lang/crates.io-index"
checksum = "6311c867385cc7d5602463b31825d454d0837a3aba7cdb5e56d5201792a3f7fe"
dependencies = [
 "async-trait",
 "cast",
 "js-sys",
 "libm",
 "minicov",
 "nu-ansi-term",
 "num-traits",
 "oorandom",
 "serde",
 "serde_json",
 "wasm-bindgen",
 "wasm-bindgen-futures",
 "wasm-bindgen-test-macro",
 "wasm-bindgen-test-shared",
]

[[package]]
name = "wasm-bindgen-test-macro"
version = "0.3.64"
source = "registry+https://github.com/rust-lang/crates.io-index"
checksum = "67008cdde4769831958536b0f11b3bdd0380bde882be17fff9c2f34bb4549abd"
dependencies = [
 "proc-macro2",
 "quote",
 "syn",
]

[[package]]
name = "wasm-bindgen-test-shared"
version = "0.2.114"
source = "registry+https://github.com/rust-lang/crates.io-index"
checksum = "cfe29135b180b72b04c74aa97b2b4a2ef275161eff9a6c7955ea9eaedc7e1d4e"

[[package]]
name = "web-sys"
version = "0.3.91"
source = "registry+https://github.com/rust-lang/crates.io-index"
checksum = "854ba17bb104abfb26ba36da9729addc7ce7f06f5c0f90f3c391f8461cca21f9"
dependencies = [
 "js-sys",
 "wasm-bindgen",
]

[[package]]
name = "winapi-util"
version = "0.1.11"
source = "registry+https://github.com/rust-lang/crates.io-index"
checksum = "c2a7b1c03c876122aa43f3020e6c3c3ee5c05081c9a00739faf7503aeba10d22"
dependencies = [
 "windows-sys",
]

[[package]]
name = "windows-link"
version = "0.2.1"
source = "registry+https://github.com/rust-lang/crates.io-index"
checksum = "f0805222e57f7521d6a62e36fa9163bc891acd422f971defe97d64e70d0a4fe5"

[[package]]
name = "windows-sys"
version = "0.61.2"
source = "registry+https://github.com/rust-lang/crates.io-index"
checksum = "ae137229bcbd6cdf0f7b80a31df61766145077ddf49416a728b02cb3921ff3fc"
dependencies = [
 "windows-link",
]

[[package]]
name = "zerocopy"
version = "0.8.47"
source = "registry+https://github.com/rust-lang/crates.io-index"
checksum = "efbb2a062be311f2ba113ce66f697a4dc589f85e78a4aea276200804cea0ed87"
dependencies = [
 "zerocopy-derive",
]

[[package]]
name = "zerocopy-derive"
version = "0.8.47"
source = "registry+https://github.com/rust-lang/crates.io-index"
checksum = "0e8bc7269b54418e7aeeef514aa68f8690b8c0489a06b0136e5f57c4c5ccab89"
dependencies = [
 "proc-macro2",
 "quote",
 "syn",
]

[[package]]
name = "zmij"
version = "1.0.21"
source = "registry+https://github.com/rust-lang/crates.io-index"
checksum = "b8848ee67ecc8aedbaf3e4122217aff892639231befc6a1b58d29fff4c2cabaa"
